
Microsoft Visual Studio Solution File, Format Version 12.00
# Visual Studio Version 17
VisualStudioVersion = 17.0.31912.275
MinimumVisualStudioVersion = 10.0.40219.1
Project("{9A19103F-16F7-4668-BE54-9A1E7A4F7556}") = "Statics.Reflection", "Statics.Reflection\Statics.Reflection.csproj", "{E5E52F2E-144C-48CD-812E-0A24990A6BAD}"
EndProject
Project("{2150E333-8FDC-42A3-9474-1A3956D46DE8}") = "Tests", "Tests", "{5F673942-7E44-4B11-AFF6-723A6717D77A}"
EndProject
Project("{9A19103F-16F7-4668-BE54-9A1E7A4F7556}") = "Models", "Tests\Models\Models.csproj", "{85583BFD-24C3-4196-BA27-A026B073A387}"
EndProject
Project("{2150E333-8FDC-42A3-9474-1A3956D46DE8}") = "N0", "N0", "{AA6CF963-4FCB-471B-9012-65653AA51231}"
EndProject
Project("{9A19103F-16F7-4668-BE54-9A1E7A4F7556}") = "C0", "Tests\N0\C0\C0.csproj", "{CAB56410-B843-4B7D-82FA-AE483787B2ED}"
EndProject
Project("{9A19103F-16F7-4668-BE54-9A1E7A4F7556}") = "NS0", "Tests\N0\NS0\NS0.csproj", "{C2D26D20-D9EB-444B-AE3E-143B917EC1B5}"
EndProject
Project("{9A19103F-16F7-4668-BE54-9A1E7A4F7556}") = "S0", "Tests\N0\S0\S0.csproj", "{49B1C777-9FEE-4B18-B36A-64B24D5B5C08}"
EndProject
Project("{9A19103F-16F7-4668-BE54-9A1E7A4F7556}") = "Playground", "Tests\Playground\Playground.csproj", "{5D7F2697-EBE0-4CAA-8DA7-228440FE4CEC}"
EndProject
Global
	GlobalSection(SolutionConfigurationPlatforms) = preSolution
		Debug|Any CPU = Debug|Any CPU
		Release|Any CPU = Release|Any CPU
	EndGlobalSection
	GlobalSection(ProjectConfigurationPlatforms) = postSolution
		{E5E52F2E-144C-48CD-812E-0A24990A6BAD}.Debug|Any CPU.ActiveCfg = Debug|Any CPU
		{E5E52F2E-144C-48CD-812E-0A24990A6BAD}.Debug|Any CPU.Build.0 = Debug|Any CPU
		{E5E52F2E-144C-48CD-812E-0A24990A6BAD}.Release|Any CPU.ActiveCfg = Release|Any CPU
		{E5E52F2E-144C-48CD-812E-0A24990A6BAD}.Release|Any CPU.Build.0 = Release|Any CPU
		{85583BFD-24C3-4196-BA27-A026B073A387}.Debug|Any CPU.ActiveCfg = Debug|Any CPU
		{85583BFD-24C3-4196-BA27-A026B073A387}.Debug|Any CPU.Build.0 = Debug|Any CPU
		{85583BFD-24C3-4196-BA27-A026B073A387}.Release|Any CPU.ActiveCfg = Release|Any CPU
		{85583BFD-24C3-4196-BA27-A026B073A387}.Release|Any CPU.Build.0 = Release|Any CPU
		{CAB56410-B843-4B7D-82FA-AE483787B2ED}.Debug|Any CPU.ActiveCfg = Debug|Any CPU
		{CAB56410-B843-4B7D-82FA-AE483787B2ED}.Debug|Any CPU.Build.0 = Debug|Any CPU
		{CAB56410-B843-4B7D-82FA-AE483787B2ED}.Release|Any CPU.ActiveCfg = Release|Any CPU
		{CAB56410-B843-4B7D-82FA-AE483787B2ED}.Release|Any CPU.Build.0 = Release|Any CPU
		{C2D26D20-D9EB-444B-AE3E-143B917EC1B5}.Debug|Any CPU.ActiveCfg = Debug|Any CPU
		{C2D26D20-D9EB-444B-AE3E-143B917EC1B5}.Debug|Any CPU.Build.0 = Debug|Any CPU
		{C2D26D20-D9EB-444B-AE3E-143B917EC1B5}.Release|Any CPU.ActiveCfg = Release|Any CPU
		{C2D26D20-D9EB-444B-AE3E-143B917EC1B5}.Release|Any CPU.Build.0 = Release|Any CPU
		{49B1C777-9FEE-4B18-B36A-64B24D5B5C08}.Debug|Any CPU.ActiveCfg = Debug|Any CPU
		{49B1C777-9FEE-4B18-B36A-64B24D5B5C08}.Debug|Any CPU.Build.0 = Debug|Any CPU
		{49B1C777-9FEE-4B18-B36A-64B24D5B5C08}.Release|Any CPU.ActiveCfg = Release|Any CPU
		{49B1C777-9FEE-4B18-B36A-64B24D5B5C08}.Release|Any CPU.Build.0 = Release|Any CPU
		{5D7F2697-EBE0-4CAA-8DA7-228440FE4CEC}.Debug|Any CPU.ActiveCfg = Debug|Any CPU
		{5D7F2697-EBE0-4CAA-8DA7-228440FE4CEC}.Debug|Any CPU.Build.0 = Debug|Any CPU
		{5D7F2697-EBE0-4CAA-8DA7-228440FE4CEC}.Release|Any CPU.ActiveCfg = Release|Any CPU
		{5D7F2697-EBE0-4CAA-8DA7-228440FE4CEC}.Release|Any CPU.Build.0 = Release|Any CPU
	EndGlobalSection
	GlobalSection(SolutionProperties) = preSolution
		HideSolutionNode = FALSE
	EndGlobalSection
	GlobalSection(NestedProjects) = preSolution
		{85583BFD-24C3-4196-BA27-A026B073A387} = {5F673942-7E44-4B11-AFF6-723A6717D77A}
		{AA6CF963-4FCB-471B-9012-65653AA51231} = {5F673942-7E44-4B11-AFF6-723A6717D77A}
		{CAB56410-B843-4B7D-82FA-AE483787B2ED} = {AA6CF963-4FCB-471B-9012-65653AA51231}
		{C2D26D20-D9EB-444B-AE3E-143B917EC1B5} = {AA6CF963-4FCB-471B-9012-65653AA51231}
		{49B1C777-9FEE-4B18-B36A-64B24D5B5C08} = {AA6CF963-4FCB-471B-9012-65653AA51231}
		{5D7F2697-EBE0-4CAA-8DA7-228440FE4CEC} = {5F673942-7E44-4B11-AFF6-723A6717D77A}
	EndGlobalSection
	GlobalSection(ExtensibilityGlobals) = postSolution
		SolutionGuid = {6AF99F77-ECF3-40C8-AEE0-A98174483538}
	EndGlobalSection
EndGlobal
